Microsoft Visual Studio Solution File, Format Version 12.00
# Visual Studio Version 17
VisualStudioVersion = 17.5.2.0
MinimumVisualStudioVersion = 10.0.40219.1
Project("{2150E333-8FDC-42A3-9474-1A3956D46DE8}") = "backend", "backend", "{1AE8ACA6-933B-BF2A-3671-3E2EAC007D16}"
EndProject
Project("{2150E333-8FDC-42A3-9474-1A3956D46DE8}") = "Modules", "Modules", "{95AF1480-9F84-72C8-4930-CB7FF39A86E3}"
EndProject
Project("{2150E333-8FDC-42A3-9474-1A3956D46DE8}") = "01-Core.Module", "01-Core.Module", "{725FDFFB-BB92-A402-3E0A-E6710229D711}"
EndProject
Project("{FAE04EC0-301F-11D3-BF4B-00C04F79EFBC}") = "Core.Module", "backend\Modules\01-Core.Module\Core.Module.csproj", "{C94F9DD9-D5B6-A72A-2416-8BC05F457FD1}"
EndProject
Project("{2150E333-8FDC-42A3-9474-1A3956D46DE8}") = "02-Organization.Module", "02-Organization.Module", "{98557492-2F3F-1FA1-B513-9A8853168E0E}"
EndProject
Project("{FAE04EC0-301F-11D3-BF4B-00C04F79EFBC}") = "Organization.Module", "backend\Modules\02-Organization.Module\Organization.Module.csproj", "{A6CEACE7-FE27-2DE8-04A3-225BF1DE154F}"
EndProject
Project("{2150E333-8FDC-42A3-9474-1A3956D46DE8}") = "03-HR.Module", "03-HR.Module", "{5DD926EA-81CB-A834-1349-C15228009D88}"
EndProject
Project("{FAE04EC0-301F-11D3-BF4B-00C04F79EFBC}") = "HR.Module", "backend\Modules\03-HR.Module\HR.Module.csproj", "{7BA1AADA-D061-007D-1D4C-AFF1C596443F}"
EndProject
Project("{2150E333-8FDC-42A3-9474-1A3956D46DE8}") = "04-Assets.Module", "04-Assets.Module", "{414063A7-11C6-2B89-F655-02E60F2E4292}"
EndProject
Project("{FAE04EC0-301F-11D3-BF4B-00C04F79EFBC}") = "Assets.Module", "backend\Modules\04-Assets.Module\Assets.Module.csproj", "{A5AB2616-D655-EA28-19DE-3CB2227615E1}"
EndProject
Project("{2150E333-8FDC-42A3-9474-1A3956D46DE8}") = "05-Field.Module", "05-Field.Module", "{0039380F-632F-44EB-F600-0D5DE28702E5}"
EndProject
Project("{FAE04EC0-301F-11D3-BF4B-00C04F79EFBC}") = "Field.Module", "backend\Modules\05-Field.Module\Field.Module.csproj", "{50B5F766-D751-2FD9-F80B-6CCBB068256C}"
EndProject
Global
	GlobalSection(SolutionConfigurationPlatforms) = preSolution
		Debug|Any CPU = Debug|Any CPU
		Release|Any CPU = Release|Any CPU
	EndGlobalSection
	GlobalSection(ProjectConfigurationPlatforms) = postSolution
		{C94F9DD9-D5B6-A72A-2416-8BC05F457FD1}.Debug|Any CPU.ActiveCfg = Debug|Any CPU
		{C94F9DD9-D5B6-A72A-2416-8BC05F457FD1}.Debug|Any CPU.Build.0 = Debug|Any CPU
		{C94F9DD9-D5B6-A72A-2416-8BC05F457FD1}.Release|Any CPU.ActiveCfg = Release|Any CPU
		{C94F9DD9-D5B6-A72A-2416-8BC05F457FD1}.Release|Any CPU.Build.0 = Release|Any CPU
		{A6CEACE7-FE27-2DE8-04A3-225BF1DE154F}.Debug|Any CPU.ActiveCfg = Debug|Any CPU
		{A6CEACE7-FE27-2DE8-04A3-225BF1DE154F}.Debug|Any CPU.Build.0 = Debug|Any CPU
		{A6CEACE7-FE27-2DE8-04A3-225BF1DE154F}.Release|Any CPU.ActiveCfg = Release|Any CPU
		{A6CEACE7-FE27-2DE8-04A3-225BF1DE154F}.Release|Any CPU.Build.0 = Release|Any CPU
		{7BA1AADA-D061-007D-1D4C-AFF1C596443F}.Debug|Any CPU.ActiveCfg = Debug|Any CPU
		{7BA1AADA-D061-007D-1D4C-AFF1C596443F}.Debug|Any CPU.Build.0 = Debug|Any CPU
		{7BA1AADA-D061-007D-1D4C-AFF1C596443F}.Release|Any CPU.ActiveCfg = Release|Any CPU
		{7BA1AADA-D061-007D-1D4C-AFF1C596443F}.Release|Any CPU.Build.0 = Release|Any CPU
		{A5AB2616-D655-EA28-19DE-3CB2227615E1}.Debug|Any CPU.ActiveCfg = Debug|Any CPU
		{A5AB2616-D655-EA28-19DE-3CB2227615E1}.Debug|Any CPU.Build.0 = Debug|Any CPU
		{A5AB2616-D655-EA28-19DE-3CB2227615E1}.Release|Any CPU.ActiveCfg = Release|Any CPU
		{A5AB2616-D655-EA28-19DE-3CB2227615E1}.Release|Any CPU.Build.0 = Release|Any CPU
		{50B5F766-D751-2FD9-F80B-6CCBB068256C}.Debug|Any CPU.ActiveCfg = Debug|Any CPU
		{50B5F766-D751-2FD9-F80B-6CCBB068256C}.Debug|Any CPU.Build.0 = Debug|Any CPU
		{50B5F766-D751-2FD9-F80B-6CCBB068256C}.Release|Any CPU.ActiveCfg = Release|Any CPU
		{50B5F766-D751-2FD9-F80B-6CCBB068256C}.Release|Any CPU.Build.0 = Release|Any CPU
	EndGlobalSection
	GlobalSection(SolutionProperties) = preSolution
		HideSolutionNode = FALSE
	EndGlobalSection
	GlobalSection(NestedProjects) = preSolution
		{95AF1480-9F84-72C8-4930-CB7FF39A86E3} = {1AE8ACA6-933B-BF2A-3671-3E2EAC007D16}
		{725FDFFB-BB92-A402-3E0A-E6710229D711} = {95AF1480-9F84-72C8-4930-CB7FF39A86E3}
		{C94F9DD9-D5B6-A72A-2416-8BC05F457FD1} = {725FDFFB-BB92-A402-3E0A-E6710229D711}
		{98557492-2F3F-1FA1-B513-9A8853168E0E} = {95AF1480-9F84-72C8-4930-CB7FF39A86E3}
		{A6CEACE7-FE27-2DE8-04A3-225BF1DE154F} = {98557492-2F3F-1FA1-B513-9A8853168E0E}
		{5DD926EA-81CB-A834-1349-C15228009D88} = {95AF1480-9F84-72C8-4930-CB7FF39A86E3}
		{7BA1AADA-D061-007D-1D4C-AFF1C596443F} = {5DD926EA-81CB-A834-1349-C15228009D88}
		{414063A7-11C6-2B89-F655-02E60F2E4292} = {95AF1480-9F84-72C8-4930-CB7FF39A86E3}
		{A5AB2616-D655-EA28-19DE-3CB2227615E1} = {414063A7-11C6-2B89-F655-02E60F2E4292}
		{0039380F-632F-44EB-F600-0D5DE28702E5} = {95AF1480-9F84-72C8-4930-CB7FF39A86E3}
		{50B5F766-D751-2FD9-F80B-6CCBB068256C} = {0039380F-632F-44EB-F600-0D5DE28702E5}
	EndGlobalSection
	GlobalSection(ExtensibilityGlobals) = postSolution
		SolutionGuid = {BE654398-5D35-4C26-87FC-B862B6E3EB04}
	EndGlobalSection
EndGlobal
